// !$*UTF8*$!
{
	archiveVersion = 1;
	classes = {
	};
	objectVersion = 46;
	objects = {

/* Begin PBXBuildFile section */
		865D87AB1E4F82500057986C /* AppDelegate.swift in Sources */ = {isa = PBXBuildFile; fileRef = 865D87AA1E4F82500057986C /* AppDelegate.swift */; };
		865D87AD1E4F82500057986C /* AYHomeViewController.swift in Sources */ = {isa = PBXBuildFile; fileRef = 865D87AC1E4F82500057986C /* AYHomeViewController.swift */; };
		865D87B01E4F82500057986C /* Main.storyboard in Resources */ = {isa = PBXBuildFile; fileRef = 865D87AE1E4F82500057986C /* Main.storyboard */; };
		865D87B21E4F82500057986C /* Assets.xcassets in Resources */ = {isa = PBXBuildFile; fileRef = 865D87B11E4F82500057986C /* Assets.xcassets */; };
		865D87B51E4F82500057986C /* LaunchScreen.storyboard in Resources */ = {isa = PBXBuildFile; fileRef = 865D87B31E4F82500057986C /* LaunchScreen.storyboard */; };
		865D87C51E4F840A0057986C /* RySDK.framework in Frameworks */ = {isa = PBXBuildFile; fileRef = 865D87C41E4F840A0057986C /* RySDK.framework */; };
		865D87C81E4F84880057986C /* AYBaseViewController.swift in Sources */ = {isa = PBXBuildFile; fileRef = 865D87C71E4F84880057986C /* AYBaseViewController.swift */; };
		865D87CA1E4F88390057986C /* AYBaseParser.swift in Sources */ = {isa = PBXBuildFile; fileRef = 865D87C91E4F88390057986C /* AYBaseParser.swift */; };
		865D87CC1E4F888B0057986C /* AYParserFactory.swift in Sources */ = {isa = PBXBuildFile; fileRef = 865D87CB1E4F888B0057986C /* AYParserFactory.swift */; };
		865D87CE1E4F8A1E0057986C /* AYServiceProtocol.swift in Sources */ = {isa = PBXBuildFile; fileRef = 865D87CD1E4F8A1E0057986C /* AYServiceProtocol.swift */; };
		865D87D01E4F8C030057986C /* AYBaseService.swift in Sources */ = {isa = PBXBuildFile; fileRef = 865D87CF1E4F8C030057986C /* AYBaseService.swift */; };
/* End PBXBuildFile section */

/* Begin PBXFileReference section */
		865D87A71E4F82500057986C /* AYApiCallsArchitectureSample.app */ = {isa = PBXFileReference; explicitFileType = wrapper.application; includeInIndex = 0; path = AYApiCallsArchitectureSample.app; sourceTree = BUILT_PRODUCTS_DIR; };
		865D87AA1E4F82500057986C /* AppDelegate.swift */ = {isa = PBXFileReference; lastKnownFileType = sourcecode.swift; path = AppDelegate.swift; sourceTree = "<group>"; };
		865D87AC1E4F82500057986C /* AYHomeViewController.swift */ = {isa = PBXFileReference; lastKnownFileType = sourcecode.swift; name = AYHomeViewController.swift; path = ../../../AYHomeViewController.swift; sourceTree = "<group>"; };
		865D87AF1E4F82500057986C /* Base */ = {isa = PBXFileReference; lastKnownFileType = file.storyboard; name = Base; path = Base.lproj/Main.storyboard; sourceTree = "<group>"; };
		865D87B11E4F82500057986C /* Assets.xcassets */ = {isa = PBXFileReference; lastKnownFileType = folder.assetcatalog; path = Assets.xcassets; sourceTree = "<group>"; };
		865D87B41E4F82500057986C /* Base */ = {isa = PBXFileReference; lastKnownFileType = file.storyboard; name = Base; path = Base.lproj/LaunchScreen.storyboard; sourceTree = "<group>"; };
		865D87B61E4F82500057986C /* Info.plist */ = {isa = PBXFileReference; lastKnownFileType = text.plist.xml; path = Info.plist; sourceTree = "<group>"; };
		865D87C41E4F840A0057986C /* RySDK.framework */ = {isa = PBXFileReference; lastKnownFileType = wrapper.framework; path = RySDK.framework; sourceTree = "<group>"; };
		865D87C71E4F84880057986C /* AYBaseViewController.swift */ = {isa = PBXFileReference; fileEncoding = 4; lastKnownFileType = sourcecode.swift; path = AYBaseViewController.swift; sourceTree = "<group>"; };
		865D87C91E4F88390057986C /* AYBaseParser.swift */ = {isa = PBXFileReference; fileEncoding = 4; lastKnownFileType = sourcecode.swift; path = AYBaseParser.swift; sourceTree = "<group>"; };
		865D87CB1E4F888B0057986C /* AYParserFactory.swift */ = {isa = PBXFileReference; fileEncoding = 4; lastKnownFileType = sourcecode.swift; path = AYParserFactory.swift; sourceTree = "<group>"; };
		865D87CD1E4F8A1E0057986C /* AYServiceProtocol.swift */ = {isa = PBXFileReference; fileEncoding = 4; lastKnownFileType = sourcecode.swift; path = AYServiceProtocol.swift; sourceTree = "<group>"; };
		865D87CF1E4F8C030057986C /* AYBaseService.swift */ = {isa = PBXFileReference; fileEncoding = 4; lastKnownFileType = sourcecode.swift; path = AYBaseService.swift; sourceTree = "<group>"; };
/* End PBXFileReference section */

/* Begin PBXFrameworksBuildPhase section */
		865D87A41E4F824F0057986C /* Frameworks */ = {
			isa = PBXFrameworksBuildPhase;
			buildActionMask = 2147483647;
			files = (
				865D87C51E4F840A0057986C /* RySDK.framework in Frameworks */,
			);
			runOnlyForDeploymentPostprocessing = 0;
		};
/* End PBXFrameworksBuildPhase section */

/* Begin PBXGroup section */
		865D879E1E4F824F0057986C = {
			isa = PBXGroup;
			children = (
				865D87A91E4F82500057986C /* AYApiCallsArchitectureSample */,
				865D87A81E4F82500057986C /* Products */,
			);
			sourceTree = "<group>";
		};
		865D87A81E4F82500057986C /* Products */ = {
			isa = PBXGroup;
			children = (
				865D87A71E4F82500057986C /* AYApiCallsArchitectureSample.app */,
			);
			name = Products;
			sourceTree = "<group>";
		};
		865D87A91E4F82500057986C /* AYApiCallsArchitectureSample */ = {
			isa = PBXGroup;
			children = (
				865D87C31E4F83F10057986C /* Frameworks */,
				865D87BC1E4F83910057986C /* DataStructures */,
				865D87BD1E4F83910057986C /* Network */,
				865D87C01E4F83910057986C /* UI */,
				865D87AA1E4F82500057986C /* AppDelegate.swift */,
				865D87AE1E4F82500057986C /* Main.storyboard */,
				865D87B11E4F82500057986C /* Assets.xcassets */,
				865D87B31E4F82500057986C /* LaunchScreen.storyboard */,
				865D87B61E4F82500057986C /* Info.plist */,
			);
			path = AYApiCallsArchitectureSample;
			sourceTree = "<group>";
		};
		865D87BC1E4F83910057986C /* DataStructures */ = {
			isa = PBXGroup;
			children = (
			);
			path = DataStructures;
			sourceTree = "<group>";
		};
		865D87BD1E4F83910057986C /* Network */ = {
			isa = PBXGroup;
			children = (
				865D87BE1E4F83910057986C /* Parsers */,
				865D87BF1E4F83910057986C /* Services */,
			);
			path = Network;
			sourceTree = "<group>";
		};
		865D87BE1E4F83910057986C /* Parsers */ = {
			isa = PBXGroup;
			children = (
				865D87C91E4F88390057986C /* AYBaseParser.swift */,
				865D87CB1E4F888B0057986C /* AYParserFactory.swift */,
			);
			path = Parsers;
			sourceTree = "<group>";
		};
		865D87BF1E4F83910057986C /* Services */ = {
			isa = PBXGroup;
			children = (
				865D87CD1E4F8A1E0057986C /* AYServiceProtocol.swift */,
				865D87CF1E4F8C030057986C /* AYBaseService.swift */,
			);
			path = Services;
			sourceTree = "<group>";
		};
		865D87C01E4F83910057986C /* UI */ = {
			isa = PBXGroup;
			children = (
				865D87C11E4F83910057986C /* Screens */,
			);
			path = UI;
			sourceTree = "<group>";
		};
		865D87C11E4F83910057986C /* Screens */ = {
			isa = PBXGroup;
			children = (
				865D87C61E4F846C0057986C /* BaseController */,
				865D87C21E4F83910057986C /* Home */,
			);
			path = Screens;
			sourceTree = "<group>";
		};
		865D87C21E4F83910057986C /* Home */ = {
			isa = PBXGroup;
			children = (
				865D87AC1E4F82500057986C /* AYHomeViewController.swift */,
			);
			path = Home;
			sourceTree = "<group>";
		};
		865D87C31E4F83F10057986C /* Frameworks */ = {
			isa = PBXGroup;
			children = (
				865D87C41E4F840A0057986C /* RySDK.framework */,
			);
			path = Frameworks;
			sourceTree = "<group>";
		};
		865D87C61E4F846C0057986C /* BaseController */ = {
			isa = PBXGroup;
			children = (
				865D87C71E4F84880057986C /* AYBaseViewController.swift */,
			);
			path = BaseController;
			sourceTree = "<group>";
		};
/* End PBXGroup section */

/* Begin PBXNativeTarget section */
		865D87A61E4F824F0057986C /* AYApiCallsArchitectureSample */ = {
			isa = PBXNativeTarget;
			buildConfigurationList = 865D87B91E4F82500057986C /* Build configuration list for PBXNativeTarget "AYApiCallsArchitectureSample" */;
			buildPhases = (
				865D87A31E4F824F0057986C /* Sources */,
				865D87A41E4F824F0057986C /* Frameworks */,
				865D87A51E4F824F0057986C /* Resources */,
			);
			buildRules = (
			);
			dependencies = (
			);
			name = AYApiCallsArchitectureSample;
			productName = AYApiCallsArchitectureSample;
			productReference = 865D87A71E4F82500057986C /* AYApiCallsArchitectureSample.app */;
			productType = "com.apple.product-type.application";
		};
/* End PBXNativeTarget section */

/* Begin PBXProject section */
		865D879F1E4F824F0057986C /* Project object */ = {
			isa = PBXProject;
			attributes = {
				LastSwiftUpdateCheck = 0820;
				LastUpgradeCheck = 0820;
				ORGANIZATIONNAME = "Avadesh Kumar";
				TargetAttributes = {
					865D87A61E4F824F0057986C = {
						CreatedOnToolsVersion = 8.2.1;
						ProvisioningStyle = Automatic;
					};
				};
			};
			buildConfigurationList = 865D87A21E4F824F0057986C /* Build configuration list for PBXProject "AYApiCallsArchitectureSample" */;
			compatibilityVersion = "Xcode 3.2";
			developmentRegion = English;
			hasScannedForEncodings = 0;
			knownRegions = (
				en,
				Base,
			);
			mainGroup = 865D879E1E4F824F0057986C;
			productRefGroup = 865D87A81E4F82500057986C /* Products */;
			projectDirPath = "";
			projectRoot = "";
			targets = (
				865D87A61E4F824F0057986C /* AYApiCallsArchitectureSample */,
			);
		};
/* End PBXProject section */

/* Begin PBXResourcesBuildPhase section */
		865D87A51E4F824F0057986C /* Resources */ = {
			isa = PBXResourcesBuildPhase;
			buildActionMask = 2147483647;
			files = (
				865D87B51E4F82500057986C /* LaunchScreen.storyboard in Resources */,
				865D87B21E4F82500057986C /* Assets.xcassets in Resources */,
				865D87B01E4F82500057986C /* Main.storyboard in Resources */,
			);
			runOnlyForDeploymentPostprocessing = 0;
		};
/* End PBXResourcesBuildPhase section */

/* Begin PBXSourcesBuildPhase section */
		865D87A31E4F824F0057986C /* Sources */ = {
			isa = PBXSourcesBuildPhase;
			buildActionMask = 2147483647;
			files = (
				865D87CC1E4F888B0057986C /* AYParserFactory.swift in Sources */,
				865D87CE1E4F8A1E0057986C /* AYServiceProtocol.swift in Sources */,
				865D87D01E4F8C030057986C /* AYBaseService.swift in Sources */,
				865D87AD1E4F82500057986C /* AYHomeViewController.swift in Sources */,
				865D87AB1E4F82500057986C /* AppDelegate.swift in Sources */,
				865D87C81E4F84880057986C /* AYBaseViewController.swift in Sources */,
				865D87CA1E4F88390057986C /* AYBaseParser.swift in Sources */,
			);
			runOnlyForDeploymentPostprocessing = 0;
		};
/* End PBXSourcesBuildPhase section */

/* Begin PBXVariantGroup section */
		865D87AE1E4F82500057986C /* Main.storyboard */ = {
			isa = PBXVariantGroup;
			children = (
				865D87AF1E4F82500057986C /* Base */,
			);
			name = Main.storyboard;
			sourceTree = "<group>";
		};
		865D87B31E4F82500057986C /* LaunchScreen.storyboard */ = {
			isa = PBXVariantGroup;
			children = (
				865D87B41E4F82500057986C /* Base */,
			);
			name = LaunchScreen.storyboard;
			sourceTree = "<group>";
		};
/* End PBXVariantGroup section */

/* Begin XCBuildConfiguration section */
		865D87B71E4F82500057986C /* Debug */ = {
			isa = XCBuildConfiguration;
			buildSettings = {
				ALWAYS_SEARCH_USER_PATHS = NO;
				CLANG_ANALYZER_NONNULL = YES;
				CLANG_CXX_LANGUAGE_STANDARD = "gnu++0x";
				CLANG_CXX_LIBRARY = "libc++";
				CLANG_ENABLE_MODULES = YES;
				CLANG_ENABLE_OBJC_ARC = YES;
				CLANG_WARN_BOOL_CONVERSION = YES;
				CLANG_WARN_CONSTANT_CONVERSION = YES;
				CLANG_WARN_DIRECT_OBJC_ISA_USAGE = YES_ERROR;
				CLANG_WARN_DOCUMENTATION_COMMENTS = YES;
				CLANG_WARN_EMPTY_BODY = YES;
				CLANG_WARN_ENUM_CONVERSION = YES;
				CLANG_WARN_INFINITE_RECURSION = YES;
				CLANG_WARN_INT_CONVERSION = YES;
				CLANG_WARN_OBJC_ROOT_CLASS = YES_ERROR;
				CLANG_WARN_SUSPICIOUS_MOVE = YES;
				CLANG_WARN_UNREACHABLE_CODE = YES;
				CLANG_WARN__DUPLICATE_METHOD_MATCH = YES;
				"CODE_SIGN_IDENTITY[sdk=iphoneos*]" = "iPhone Developer";
				COPY_PHASE_STRIP = NO;
				DEBUG_INFORMATION_FORMAT = dwarf;
				ENABLE_STRICT_OBJC_MSGSEND = YES;
				ENABLE_TESTABILITY = YES;
				GCC_C_LANGUAGE_STANDARD = gnu99;
				GCC_DYNAMIC_NO_PIC = NO;
				GCC_NO_COMMON_BLOCKS = YES;
				GCC_OPTIMIZATION_LEVEL = 0;
				GCC_PREPROCESSOR_DEFINITIONS = (
					"DEBUG=1",
					"$(inherited)",
				);
				GCC_WARN_64_TO_32_BIT_CONVERSION = YES;
				GCC_WARN_ABOUT_RETURN_TYPE = YES_ERROR;
				GCC_WARN_UNDECLARED_SELECTOR = YES;
				GCC_WARN_UNINITIALIZED_AUTOS = YES_AGGRESSIVE;
				GCC_WARN_UNUSED_FUNCTION = YES;
				GCC_WARN_UNUSED_VARIABLE = YES;
				IPHONEOS_DEPLOYMENT_TARGET = 10.2;
				MTL_ENABLE_DEBUG_INFO = YES;
				ONLY_ACTIVE_ARCH = YES;
				SDKROOT = iphoneos;
				SWIFT_ACTIVE_COMPILATION_CONDITIONS = DEBUG;
				SWIFT_OPTIMIZATION_LEVEL = "-Onone";
			};
			name = Debug;
		};
		865D87B81E4F82500057986C /* Release */ = {
			isa = XCBuildConfiguration;
			buildSettings = {
				ALWAYS_SEARCH_USER_PATHS = NO;
				CLANG_ANALYZER_NONNULL = YES;
				CLANG_CXX_LANGUAGE_STANDARD = "gnu++0x";
				CLANG_CXX_LIBRARY = "libc++";
				CLANG_ENABLE_MODULES = YES;
				CLANG_ENABLE_OBJC_ARC = YES;
				CLANG_WARN_BOOL_CONVERSION = YES;
				CLANG_WARN_CONSTANT_CONVERSION = YES;
				CLANG_WARN_DIRECT_OBJC_ISA_USAGE = YES_ERROR;
				CLANG_WARN_DOCUMENTATION_COMMENTS = YES;
				CLANG_WARN_EMPTY_BODY = YES;
				CLANG_WARN_ENUM_CONVERSION = YES;
				CLANG_WARN_INFINITE_RECURSION = YES;
				CLANG_WARN_INT_CONVERSION = YES;
				CLANG_WARN_OBJC_ROOT_CLASS = YES_ERROR;
				CLANG_WARN_SUSPICIOUS_MOVE = YES;
				CLANG_WARN_UNREACHABLE_CODE = YES;
				CLANG_WARN__DUPLICATE_METHOD_MATCH = YES;
				"CODE_SIGN_IDENTITY[sdk=iphoneos*]" = "iPhone Developer";
				COPY_PHASE_STRIP = NO;
				DEBUG_INFORMATION_FORMAT = "dwarf-with-dsym";
				ENABLE_NS_ASSERTIONS = NO;
				ENABLE_STRICT_OBJC_MSGSEND = YES;
				GCC_C_LANGUAGE_STANDARD = gnu99;
				GCC_NO_COMMON_BLOCKS = YES;
				GCC_WARN_64_TO_32_BIT_CONVERSION = YES;
				GCC_WARN_ABOUT_RETURN_TYPE = YES_ERROR;
				GCC_WARN_UNDECLARED_SELECTOR = YES;
				GCC_WARN_UNINITIALIZED_AUTOS = YES_AGGRESSIVE;
				GCC_WARN_UNUSED_FUNCTION = YES;
				GCC_WARN_UNUSED_VARIABLE = YES;
				IPHONEOS_DEPLOYMENT_TARGET = 10.2;
				MTL_ENABLE_DEBUG_INFO = NO;
				SDKROOT = iphoneos;
				SWIFT_OPTIMIZATION_LEVEL = "-Owholemodule";
				VALIDATE_PRODUCT = YES;
			};
			name = Release;
		};
		865D87BA1E4F82500057986C /* Debug */ = {
			isa = XCBuildConfiguration;
			buildSettings = {
				ASSETCATALOG_COMPILER_APPICON_NAME = AppIcon;
				FRAMEWORK_SEARCH_PATHS = (
					"$(inherited)",
					"$(PROJECT_DIR)/AYApiCallsArchitectureSample/Frameworks",
				);
				INFOPLIST_FILE = AYApiCallsArchitectureSample/Info.plist;
				LD_RUNPATH_SEARCH_PATHS = "$(inherited) @executable_path/Frameworks";
				PRODUCT_BUNDLE_IDENTIFIER = AY.AYApiCallsArchitectureSample;
				PRODUCT_NAME = "$(TARGET_NAME)";
				SWIFT_VERSION = 3.0;
			};
			name = Debug;
		};
		865D87BB1E4F82500057986C /* Release */ = {
			isa = XCBuildConfiguration;
			buildSettings = {
				ASSETCATALOG_COMPILER_APPICON_NAME = AppIcon;
				FRAMEWORK_SEARCH_PATHS = (
					"$(inherited)",
					"$(PROJECT_DIR)/AYApiCallsArchitectureSample/Frameworks",
				);
				INFOPLIST_FILE = AYApiCallsArchitectureSample/Info.plist;
				LD_RUNPATH_SEARCH_PATHS = "$(inherited) @executable_path/Frameworks";
				PRODUCT_BUNDLE_IDENTIFIER = AY.AYApiCallsArchitectureSample;
				PRODUCT_NAME = "$(TARGET_NAME)";
				SWIFT_VERSION = 3.0;
			};
			name = Release;
		};
/* End XCBuildConfiguration section */

/* Begin XCConfigurationList section */
		865D87A21E4F824F0057986C /* Build configuration list for PBXProject "AYApiCallsArchitectureSample" */ = {
			isa = XCConfigurationList;
			buildConfigurations = (
				865D87B71E4F82500057986C /* Debug */,
				865D87B81E4F82500057986C /* Release */,
			);
			defaultConfigurationIsVisible = 0;
			defaultConfigurationName = Release;
		};
		865D87B91E4F82500057986C /* Build configuration list for PBXNativeTarget "AYApiCallsArchitectureSample" */ = {
			isa = XCConfigurationList;
			buildConfigurations = (
				865D87BA1E4F82500057986C /* Debug */,
				865D87BB1E4F82500057986C /* Release */,
			);
			defaultConfigurationIsVisible = 0;
		};
/* End XCConfigurationList section */
	};
	rootObject = 865D879F1E4F824F0057986C /* Project object */;
}
